
Microsoft Visual Studio Solution File, Format Version 12.00
# Visual Studio Version 17
VisualStudioVersion = 17.10.35013.160
MinimumVisualStudioVersion = 10.0.40219.1
Project("{FAE04EC0-301F-11D3-BF4B-00C04F79EFBC}") = "PigDie", "PigDie.csproj", "{34C83A1D-F954-462C-9F85-3626A57FA5CA}"
EndProject
Project("{FAE04EC0-301F-11D3-BF4B-00C04F79EFBC}") = "ConstructorChaining", "..\ConstructorChaining\ConstructorChaining.csproj", "{543DD876-93C8-4A54-8ACE-A1A23EAA2EEC}"
EndProject
Global
	GlobalSection(SolutionConfigurationPlatforms) = preSolution
		Debug|Any CPU = Debug|Any CPU
		Release|Any CPU = Release|Any CPU
	EndGlobalSection
	GlobalSection(ProjectConfigurationPlatforms) = postSolution
		{34C83A1D-F954-462C-9F85-3626A57FA5CA}.Debug|Any CPU.ActiveCfg = Debug|Any CPU
		{34C83A1D-F954-462C-9F85-3626A57FA5CA}.Debug|Any CPU.Build.0 = Debug|Any CPU
		{34C83A1D-F954-462C-9F85-3626A57FA5CA}.Release|Any CPU.ActiveCfg = Release|Any CPU
		{34C83A1D-F954-462C-9F85-3626A57FA5CA}.Release|Any CPU.Build.0 = Release|Any CPU
		{543DD876-93C8-4A54-8ACE-A1A23EAA2EEC}.Debug|Any CPU.ActiveCfg = Debug|Any CPU
		{543DD876-93C8-4A54-8ACE-A1A23EAA2EEC}.Debug|Any CPU.Build.0 = Debug|Any CPU
		{543DD876-93C8-4A54-8ACE-A1A23EAA2EEC}.Release|Any CPU.ActiveCfg = Release|Any CPU
		{543DD876-93C8-4A54-8ACE-A1A23EAA2EEC}.Release|Any CPU.Build.0 = Release|Any CPU
	EndGlobalSection
	GlobalSection(SolutionProperties) = preSolution
		HideSolutionNode = FALSE
	EndGlobalSection
	GlobalSection(ExtensibilityGlobals) = postSolution
		SolutionGuid = {81CBEE68-39C0-4EB0-8C2D-FD92DFF27F61}
	EndGlobalSection
EndGlobal
